// !$*UTF8*$!
{
	archiveVersion = 1;
	classes = {
	};
	objectVersion = 77;
	objects = {

/* Begin PBXContainerItemProxy section */
		7D17AF7E2DEC619D002E915A /* PBXContainerItemProxy */ = {
			isa = PBXContainerItemProxy;
			containerPortal = 7D17AF682DEC619D002E915A /* Project object */;
			proxyType = 1;
			remoteGlobalIDString = 7D17AF6F2DEC619D002E915A;
			remoteInfo = CodeBrewersFocus;
		};
		7D17AF882DEC619D002E915A /* PBXContainerItemProxy */ = {
			isa = PBXContainerItemProxy;
			containerPortal = 7D17AF682DEC619D002E915A /* Project object */;
			proxyType = 1;
			remoteGlobalIDString = 7D17AF6F2DEC619D002E915A;
			remoteInfo = CodeBrewersFocus;
		};
/* End PBXContainerItemProxy section */

/* Begin PBXFileReference section */
		7D17AF702DEC619D002E915A /* CodeBrewersFocus.app */ = {isa = PBXFileReference; explicitFileType = wrapper.application; includeInIndex = 0; path = CodeBrewersFocus.app; sourceTree = BUILT_PRODUCTS_DIR; };
		7D17AF7D2DEC619D002E915A /* CodeBrewersFocusTests.xctest */ = {isa = PBXFileReference; explicitFileType = wrapper.cfbundle; includeInIndex = 0; path = CodeBrewersFocusTests.xctest; sourceTree = BUILT_PRODUCTS_DIR; };
		7D17AF872DEC619D002E915A /* CodeBrewersFocusUITests.xctest */ = {isa = PBXFileReference; explicitFileType = wrapper.cfbundle; includeInIndex = 0; path = CodeBrewersFocusUITests.xctest; sourceTree = BUILT_PRODUCTS_DIR; };
/* End PBXFileReference section */

/* Begin PBXFileSystemSynchronizedRootGroup section */
		7D17AF722DEC619D002E915A /* CodeBrewersFocus */ = {
			isa = PBXFileSystemSynchronizedRootGroup;
			path = CodeBrewersFocus;
			sourceTree = "<group>";
		};
		7D17AF802DEC619D002E915A /* CodeBrewersFocusTests */ = {
			isa = PBXFileSystemSynchronizedRootGroup;
			path = CodeBrewersFocusTests;
			sourceTree = "<group>";
		};
		7D17AF8A2DEC619D002E915A /* CodeBrewersFocusUITests */ = {
			isa = PBXFileSystemSynchronizedRootGroup;
			path = CodeBrewersFocusUITests;
			sourceTree = "<group>";
		};
/* End PBXFileSystemSynchronizedRootGroup section */

/* Begin PBXFrameworksBuildPhase section */
		7D17AF6D2DEC619D002E915A /* Frameworks */ = {
			isa = PBXFrameworksBuildPhase;
			buildActionMask = 2147483647;
			files = (
			);
			runOnlyForDeploymentPostprocessing = 0;
		};
		7D17AF7A2DEC619D002E915A /* Frameworks */ = {
			isa = PBXFrameworksBuildPhase;
			buildActionMask = 2147483647;
			files = (
			);
			runOnlyForDeploymentPostprocessing = 0;
		};
		7D17AF842DEC619D002E915A /* Frameworks */ = {
			isa = PBXFrameworksBuildPhase;
			buildActionMask = 2147483647;
			files = (
			);
			runOnlyForDeploymentPostprocessing = 0;
		};
/* End PBXFrameworksBuildPhase section */

/* Begin PBXGroup section */
		7D17AF672DEC619D002E915A = {
			isa = PBXGroup;
			children = (
				7D17AF722DEC619D002E915A /* CodeBrewersFocus */,
				7D17AF802DEC619D002E915A /* CodeBrewersFocusTests */,
				7D17AF8A2DEC619D002E915A /* CodeBrewersFocusUITests */,
				7D17AF712DEC619D002E915A /* Products */,
			);
			sourceTree = "<group>";
		};
		7D17AF712DEC619D002E915A /* Products */ = {
			isa = PBXGroup;
			children = (
				7D17AF702DEC619D002E915A /* CodeBrewersFocus.app */,
				7D17AF7D2DEC619D002E915A /* CodeBrewersFocusTests.xctest */,
				7D17AF872DEC619D002E915A /* CodeBrewersFocusUITests.xctest */,
			);
			name = Products;
			sourceTree = "<group>";
		};
/* End PBXGroup section */

/* Begin PBXNativeTarget section */
		7D17AF6F2DEC619D002E915A /* CodeBrewersFocus */ = {
			isa = PBXNativeTarget;
			buildConfigurationList = 7D17AF912DEC619D002E915A /* Build configuration list for PBXNativeTarget "CodeBrewersFocus" */;
			buildPhases = (
				7D17AF6C2DEC619D002E915A /* Sources */,
				7D17AF6D2DEC619D002E915A /* Frameworks */,
				7D17AF6E2DEC619D002E915A /* Resources */,
			);
			buildRules = (
			);
			dependencies = (
			);
			fileSystemSynchronizedGroups = (
				7D17AF722DEC619D002E915A /* CodeBrewersFocus */,
			);
			name = CodeBrewersFocus;
			packageProductDependencies = (
			);
			productName = CodeBrewersFocus;
			productReference = 7D17AF702DEC619D002E915A /* CodeBrewersFocus.app */;
			productType = "com.apple.product-type.application";
		};
		7D17AF7C2DEC619D002E915A /* CodeBrewersFocusTests */ = {
			isa = PBXNativeTarget;
			buildConfigurationList = 7D17AF942DEC619D002E915A /* Build configuration list for PBXNativeTarget "CodeBrewersFocusTests" */;
			buildPhases = (
				7D17AF792DEC619D002E915A /* Sources */,
				7D17AF7A2DEC619D002E915A /* Frameworks */,
				7D17AF7B2DEC619D002E915A /* Resources */,
			);
			buildRules = (
			);
			dependencies = (
				7D17AF7F2DEC619D002E915A /* PBXTargetDependency */,
			);
			fileSystemSynchronizedGroups = (
				7D17AF802DEC619D002E915A /* CodeBrewersFocusTests */,
			);
			name = CodeBrewersFocusTests;
			packageProductDependencies = (
			);
			productName = CodeBrewersFocusTests;
			productReference = 7D17AF7D2DEC619D002E915A /* CodeBrewersFocusTests.xctest */;
			productType = "com.apple.product-type.bundle.unit-test";
		};
		7D17AF862DEC619D002E915A /* CodeBrewersFocusUITests */ = {
			isa = PBXNativeTarget;
			buildConfigurationList = 7D17AF972DEC619D002E915A /* Build configuration list for PBXNativeTarget "CodeBrewersFocusUITests" */;
			buildPhases = (
				7D17AF832DEC619D002E915A /* Sources */,
				7D17AF842DEC619D002E915A /* Frameworks */,
				7D17AF852DEC619D002E915A /* Resources */,
			);
			buildRules = (
			);
			dependencies = (
				7D17AF892DEC619D002E915A /* PBXTargetDependency */,
			);
			fileSystemSynchronizedGroups = (
				7D17AF8A2DEC619D002E915A /* CodeBrewersFocusUITests */,
			);
			name = CodeBrewersFocusUITests;
			packageProductDependencies = (
			);
			productName = CodeBrewersFocusUITests;
			productReference = 7D17AF872DEC619D002E915A /* CodeBrewersFocusUITests.xctest */;
			productType = "com.apple.product-type.bundle.ui-testing";
		};
/* End PBXNativeTarget section */

/* Begin PBXProject section */
		7D17AF682DEC619D002E915A /* Project object */ = {
			isa = PBXProject;
			attributes = {
				BuildIndependentTargetsInParallel = 1;
				LastSwiftUpdateCheck = 1630;
				LastUpgradeCheck = 1630;
				TargetAttributes = {
					7D17AF6F2DEC619D002E915A = {
						CreatedOnToolsVersion = 16.3;
					};
					7D17AF7C2DEC619D002E915A = {
						CreatedOnToolsVersion = 16.3;
						TestTargetID = 7D17AF6F2DEC619D002E915A;
					};
					7D17AF862DEC619D002E915A = {
						CreatedOnToolsVersion = 16.3;
						TestTargetID = 7D17AF6F2DEC619D002E915A;
					};
				};
			};
			buildConfigurationList = 7D17AF6B2DEC619D002E915A /* Build configuration list for PBXProject "CodeBrewersFocus" */;
			developmentRegion = en;
			hasScannedForEncodings = 0;
			knownRegions = (
				en,
				Base,
			);
			mainGroup = 7D17AF672DEC619D002E915A;
			minimizedProjectReferenceProxies = 1;
			preferredProjectObjectVersion = 77;
			productRefGroup = 7D17AF712DEC619D002E915A /* Products */;
			projectDirPath = "";
			projectRoot = "";
			targets = (
				7D17AF6F2DEC619D002E915A /* CodeBrewersFocus */,
				7D17AF7C2DEC619D002E915A /* CodeBrewersFocusTests */,
				7D17AF862DEC619D002E915A /* CodeBrewersFocusUITests */,
			);
		};
/* End PBXProject section */

/* Begin PBXResourcesBuildPhase section */
		7D17AF6E2DEC619D002E915A /* Resources */ = {
			isa = PBXResourcesBuildPhase;
			buildActionMask = 2147483647;
			files = (
			);
			runOnlyForDeploymentPostprocessing = 0;
		};
		7D17AF7B2DEC619D002E915A /* Resources */ = {
			isa = PBXResourcesBuildPhase;
			buildActionMask = 2147483647;
			files = (
			);
			runOnlyForDeploymentPostprocessing = 0;
		};
		7D17AF852DEC619D002E915A /* Resources */ = {
			isa = PBXResourcesBuildPhase;
			buildActionMask = 2147483647;
			files = (
			);
			runOnlyForDeploymentPostprocessing = 0;
		};
/* End PBXResourcesBuildPhase section */

/* Begin PBXSourcesBuildPhase section */
		7D17AF6C2DEC619D002E915A /* Sources */ = {
			isa = PBXSourcesBuildPhase;
			buildActionMask = 2147483647;
			files = (
			);
			runOnlyForDeploymentPostprocessing = 0;
		};
		7D17AF792DEC619D002E915A /* Sources */ = {
			isa = PBXSourcesBuildPhase;
			buildActionMask = 2147483647;
			files = (
			);
			runOnlyForDeploymentPostprocessing = 0;
		};
		7D17AF832DEC619D002E915A /* Sources */ = {
			isa = PBXSourcesBuildPhase;
			buildActionMask = 2147483647;
			files = (
			);
			runOnlyForDeploymentPostprocessing = 0;
		};
/* End PBXSourcesBuildPhase section */

/* Begin PBXTargetDependency section */
		7D17AF7F2DEC619D002E915A /* PBXTargetDependency */ = {
			isa = PBXTargetDependency;
			target = 7D17AF6F2DEC619D002E915A /* CodeBrewersFocus */;
			targetProxy = 7D17AF7E2DEC619D002E915A /* PBXContainerItemProxy */;
		};
		7D17AF892DEC619D002E915A /* PBXTargetDependency */ = {
			isa = PBXTargetDependency;
			target = 7D17AF6F2DEC619D002E915A /* CodeBrewersFocus */;
			targetProxy = 7D17AF882DEC619D002E915A /* PBXContainerItemProxy */;
		};
/* End PBXTargetDependency section */

/* Begin XCBuildConfiguration section */
		7D17AF8F2DEC619D002E915A /* Debug */ = {
			isa = XCBuildConfiguration;
			buildSettings = {
				ALWAYS_SEARCH_USER_PATHS = NO;
				ASSETCATALOG_COMPILER_GENERATE_SWIFT_ASSET_SYMBOL_EXTENSIONS = YES;
				CLANG_ANALYZER_NONNULL = YES;
				CLANG_ANALYZER_NUMBER_OBJECT_CONVERSION = YES_AGGRESSIVE;
				CLANG_CXX_LANGUAGE_STANDARD = "gnu++20";
				CLANG_ENABLE_MODULES = YES;
				CLANG_ENABLE_OBJC_ARC = YES;
				CLANG_ENABLE_OBJC_WEAK = YES;
				CLANG_WARN_BLOCK_CAPTURE_AUTORELEASING = YES;
				CLANG_WARN_BOOL_CONVERSION = YES;
				CLANG_WARN_COMMA = YES;
				CLANG_WARN_CONSTANT_CONVERSION = YES;
				CLANG_WARN_DEPRECATED_OBJC_IMPLEMENTATIONS = YES;
				CLANG_WARN_DIRECT_OBJC_ISA_USAGE = YES_ERROR;
				CLANG_WARN_DOCUMENTATION_COMMENTS = YES;
				CLANG_WARN_EMPTY_BODY = YES;
				CLANG_WARN_ENUM_CONVERSION = YES;
				CLANG_WARN_INFINITE_RECURSION = YES;
				CLANG_WARN_INT_CONVERSION = YES;
				CLANG_WARN_NON_LITERAL_NULL_CONVERSION = YES;
				CLANG_WARN_OBJC_IMPLICIT_RETAIN_SELF = YES;
				CLANG_WARN_OBJC_LITERAL_CONVERSION = YES;
				CLANG_WARN_OBJC_ROOT_CLASS = YES_ERROR;
				CLANG_WARN_QUOTED_INCLUDE_IN_FRAMEWORK_HEADER = YES;
				CLANG_WARN_RANGE_LOOP_ANALYSIS = YES;
				CLANG_WARN_STRICT_PROTOTYPES = YES;
				CLANG_WARN_SUSPICIOUS_MOVE = YES;
				CLANG_WARN_UNGUARDED_AVAILABILITY = YES_AGGRESSIVE;
				CLANG_WARN_UNREACHABLE_CODE = YES;
				CLANG_WARN__DUPLICATE_METHOD_MATCH = YES;
				COPY_PHASE_STRIP = NO;
				DEBUG_INFORMATION_FORMAT = dwarf;
				ENABLE_STRICT_OBJC_MSGSEND = YES;
				ENABLE_TESTABILITY = YES;
				ENABLE_USER_SCRIPT_SANDBOXING = YES;
				GCC_C_LANGUAGE_STANDARD = gnu17;
				GCC_DYNAMIC_NO_PIC = NO;
				GCC_NO_COMMON_BLOCKS = YES;
				GCC_OPTIMIZATION_LEVEL = 0;
				GCC_PREPROCESSOR_DEFINITIONS = (
					"DEBUG=1",
					"$(inherited)",
				);
				GCC_WARN_64_TO_32_BIT_CONVERSION = YES;
				GCC_WARN_ABOUT_RETURN_TYPE = YES_ERROR;
				GCC_WARN_UNDECLARED_SELECTOR = YES;
				GCC_WARN_UNINITIALIZED_AUTOS = YES_AGGRESSIVE;
				GCC_WARN_UNUSED_FUNCTION = YES;
				GCC_WARN_UNUSED_VARIABLE = YES;
				IPHONEOS_DEPLOYMENT_TARGET = 18.4;
				LOCALIZATION_PREFERS_STRING_CATALOGS = YES;
				MTL_ENABLE_DEBUG_INFO = INCLUDE_SOURCE;
				MTL_FAST_MATH = YES;
				ONLY_ACTIVE_ARCH = YES;
				SDKROOT = iphoneos;
				SWIFT_ACTIVE_COMPILATION_CONDITIONS = "DEBUG $(inherited)";
				SWIFT_OPTIMIZATION_LEVEL = "-Onone";
			};
			name = Debug;
		};
		7D17AF902DEC619D002E915A /* Release */ = {
			isa = XCBuildConfiguration;
			buildSettings = {
				ALWAYS_SEARCH_USER_PATHS = NO;
				ASSETCATALOG_COMPILER_GENERATE_SWIFT_ASSET_SYMBOL_EXTENSIONS = YES;
				CLANG_ANALYZER_NONNULL = YES;
				CLANG_ANALYZER_NUMBER_OBJECT_CONVERSION = YES_AGGRESSIVE;
				CLANG_CXX_LANGUAGE_STANDARD = "gnu++20";
				CLANG_ENABLE_MODULES = YES;
				CLANG_ENABLE_OBJC_ARC = YES;
				CLANG_ENABLE_OBJC_WEAK = YES;
				CLANG_WARN_BLOCK_CAPTURE_AUTORELEASING = YES;
				CLANG_WARN_BOOL_CONVERSION = YES;
				CLANG_WARN_COMMA = YES;
				CLANG_WARN_CONSTANT_CONVERSION = YES;
				CLANG_WARN_DEPRECATED_OBJC_IMPLEMENTATIONS = YES;
				CLANG_WARN_DIRECT_OBJC_ISA_USAGE = YES_ERROR;
				CLANG_WARN_DOCUMENTATION_COMMENTS = YES;
				CLANG_WARN_EMPTY_BODY = YES;
				CLANG_WARN_ENUM_CONVERSION = YES;
				CLANG_WARN_INFINITE_RECURSION = YES;
				CLANG_WARN_INT_CONVERSION = YES;
				CLANG_WARN_NON_LITERAL_NULL_CONVERSION = YES;
				CLANG_WARN_OBJC_IMPLICIT_RETAIN_SELF = YES;
				CLANG_WARN_OBJC_LITERAL_CONVERSION = YES;
				CLANG_WARN_OBJC_ROOT_CLASS = YES_ERROR;
				CLANG_WARN_QUOTED_INCLUDE_IN_FRAMEWORK_HEADER = YES;
				CLANG_WARN_RANGE_LOOP_ANALYSIS = YES;
				CLANG_WARN_STRICT_PROTOTYPES = YES;
				CLANG_WARN_SUSPICIOUS_MOVE = YES;
				CLANG_WARN_UNGUARDED_AVAILABILITY = YES_AGGRESSIVE;
				CLANG_WARN_UNREACHABLE_CODE = YES;
				CLANG_WARN__DUPLICATE_METHOD_MATCH = YES;
				COPY_PHASE_STRIP = NO;
				DEBUG_INFORMATION_FORMAT = "dwarf-with-dsym";
				ENABLE_NS_ASSERTIONS = NO;
				ENABLE_STRICT_OBJC_MSGSEND = YES;
				ENABLE_USER_SCRIPT_SANDBOXING = YES;
				GCC_C_LANGUAGE_STANDARD = gnu17;
				GCC_NO_COMMON_BLOCKS = YES;
				GCC_WARN_64_TO_32_BIT_CONVERSION = YES;
				GCC_WARN_ABOUT_RETURN_TYPE = YES_ERROR;
				GCC_WARN_UNDECLARED_SELECTOR = YES;
				GCC_WARN_UNINITIALIZED_AUTOS = YES_AGGRESSIVE;
				GCC_WARN_UNUSED_FUNCTION = YES;
				GCC_WARN_UNUSED_VARIABLE = YES;
				IPHONEOS_DEPLOYMENT_TARGET = 18.4;
				LOCALIZATION_PREFERS_STRING_CATALOGS = YES;
				MTL_ENABLE_DEBUG_INFO = NO;
				MTL_FAST_MATH = YES;
				SDKROOT = iphoneos;
				SWIFT_COMPILATION_MODE = wholemodule;
				VALIDATE_PRODUCT = YES;
			};
			name = Release;
		};
		7D17AF922DEC619D002E915A /* Debug */ = {
			isa = XCBuildConfiguration;
			buildSettings = {
				ASSETCATALOG_COMPILER_APPICON_NAME = AppIcon;
				ASSETCATALOG_COMPILER_GLOBAL_ACCENT_COLOR_NAME = AccentColor;
				CODE_SIGN_STYLE = Automatic;
				CURRENT_PROJECT_VERSION = 1;
				DEVELOPMENT_TEAM = 49BQGB578M;
				ENABLE_PREVIEWS = YES;
				GENERATE_INFOPLIST_FILE = YES;
				INFOPLIST_KEY_UIApplicationSceneManifest_Generation = YES;
				INFOPLIST_KEY_UIApplicationSupportsIndirectInputEvents = YES;
				INFOPLIST_KEY_UILaunchScreen_Generation = YES;
				INFOPLIST_KEY_UISupportedInterfaceOrientations_iPad = "UIInterfaceOrientationPortrait UIInterfaceOrientationPortraitUpsideDown UIInterfaceOrientationLandscapeLeft UIInterfaceOrientationLandscapeRight";
				INFOPLIST_KEY_UISupportedInterfaceOrientations_iPhone = "UIInterfaceOrientationPortrait UIInterfaceOrientationLandscapeLeft UIInterfaceOrientationLandscapeRight";
				IPHONEOS_DEPLOYMENT_TARGET = 16.6;
				LD_RUNPATH_SEARCH_PATHS = (
					"$(inherited)",
					"@executable_path/Frameworks",
				);
				MARKETING_VERSION = 1.0;
				PRODUCT_BUNDLE_IDENTIFIER = au.edu.uts.CodeBrewersFocus1;
				PRODUCT_NAME = "$(TARGET_NAME)";
				SUPPORTED_PLATFORMS = "iphoneos iphonesimulator";
				SUPPORTS_MACCATALYST = NO;
				SUPPORTS_XR_DESIGNED_FOR_IPHONE_IPAD = NO;
				SWIFT_EMIT_LOC_STRINGS = YES;
				SWIFT_VERSION = 5.0;
				TARGETED_DEVICE_FAMILY = "1,2";
			};
			name = Debug;
		};
		7D17AF932DEC619D002E915A /* Release */ = {
			isa = XCBuildConfiguration;
			buildSettings = {
				ASSETCATALOG_COMPILER_APPICON_NAME = AppIcon;
				ASSETCATALOG_COMPILER_GLOBAL_ACCENT_COLOR_NAME = AccentColor;
				CODE_SIGN_STYLE = Automatic;
				CURRENT_PROJECT_VERSION = 1;
				DEVELOPMENT_TEAM = 49BQGB578M;
				ENABLE_PREVIEWS = YES;
				GENERATE_INFOPLIST_FILE = YES;
				INFOPLIST_KEY_UIApplicationSceneManifest_Generation = YES;
				INFOPLIST_KEY_UIApplicationSupportsIndirectInputEvents = YES;
				INFOPLIST_KEY_UILaunchScreen_Generation = YES;
				INFOPLIST_KEY_UISupportedInterfaceOrientations_iPad = "UIInterfaceOrientationPortrait UIInterfaceOrientationPortraitUpsideDown UIInterfaceOrientationLandscapeLeft UIInterfaceOrientationLandscapeRight";
				INFOPLIST_KEY_UISupportedInterfaceOrientations_iPhone = "UIInterfaceOrientationPortrait UIInterfaceOrientationLandscapeLeft UIInterfaceOrientationLandscapeRight";
				IPHONEOS_DEPLOYMENT_TARGET = 16.6;
				LD_RUNPATH_SEARCH_PATHS = (
					"$(inherited)",
					"@executable_path/Frameworks",
				);
				MARKETING_VERSION = 1.0;
				PRODUCT_BUNDLE_IDENTIFIER = au.edu.uts.CodeBrewersFocus1;
				PRODUCT_NAME = "$(TARGET_NAME)";
				SUPPORTED_PLATFORMS = "iphoneos iphonesimulator";
				SUPPORTS_MACCATALYST = NO;
				SUPPORTS_XR_DESIGNED_FOR_IPHONE_IPAD = NO;
				SWIFT_EMIT_LOC_STRINGS = YES;
				SWIFT_VERSION = 5.0;
				TARGETED_DEVICE_FAMILY = "1,2";
			};
			name = Release;
		};
		7D17AF952DEC619D002E915A /* Debug */ = {
			isa = XCBuildConfiguration;
			buildSettings = {
				BUNDLE_LOADER = "$(TEST_HOST)";
				CODE_SIGN_STYLE = Automatic;
				CURRENT_PROJECT_VERSION = 1;
				GENERATE_INFOPLIST_FILE = YES;
				IPHONEOS_DEPLOYMENT_TARGET = 18.4;
				MARKETING_VERSION = 1.0;
				PRODUCT_BUNDLE_IDENTIFIER = au.edu.uts.CodeBrewersFocusTests;
				PRODUCT_NAME = "$(TARGET_NAME)";
				SWIFT_EMIT_LOC_STRINGS = NO;
				SWIFT_VERSION = 5.0;
				TARGETED_DEVICE_FAMILY = "1,2";
				TEST_HOST = "$(BUILT_PRODUCTS_DIR)/CodeBrewersFocus.app/$(BUNDLE_EXECUTABLE_FOLDER_PATH)/CodeBrewersFocus";
			};
			name = Debug;
		};
		7D17AF962DEC619D002E915A /* Release */ = {
			isa = XCBuildConfiguration;
			buildSettings = {
				BUNDLE_LOADER = "$(TEST_HOST)";
				CODE_SIGN_STYLE = Automatic;
				CURRENT_PROJECT_VERSION = 1;
				GENERATE_INFOPLIST_FILE = YES;
				IPHONEOS_DEPLOYMENT_TARGET = 18.4;
				MARKETING_VERSION = 1.0;
				PRODUCT_BUNDLE_IDENTIFIER = au.edu.uts.CodeBrewersFocusTests;
				PRODUCT_NAME = "$(TARGET_NAME)";
				SWIFT_EMIT_LOC_STRINGS = NO;
				SWIFT_VERSION = 5.0;
				TARGETED_DEVICE_FAMILY = "1,2";
				TEST_HOST = "$(BUILT_PRODUCTS_DIR)/CodeBrewersFocus.app/$(BUNDLE_EXECUTABLE_FOLDER_PATH)/CodeBrewersFocus";
			};
			name = Release;
		};
		7D17AF982DEC619D002E915A /* Debug */ = {
			isa = XCBuildConfiguration;
			buildSettings = {
				"CODE_SIGN_IDENTITY[sdk=macosx*]" = "Apple Development";
				CODE_SIGN_STYLE = Automatic;
				CURRENT_PROJECT_VERSION = 1;
				DEVELOPMENT_TEAM = "";
				GENERATE_INFOPLIST_FILE = YES;
				MARKETING_VERSION = 1.0;
				PRODUCT_BUNDLE_IDENTIFIER = au.edu.uts.CodeBrewersFocusUITests;
				PRODUCT_NAME = "$(TARGET_NAME)";
				SWIFT_EMIT_LOC_STRINGS = NO;
				SWIFT_VERSION = 5.0;
				TARGETED_DEVICE_FAMILY = "1,2";
				TEST_TARGET_NAME = CodeBrewersFocus;
			};
			name = Debug;
		};
		7D17AF992DEC619D002E915A /* Release */ = {
			isa = XCBuildConfiguration;
			buildSettings = {
				"CODE_SIGN_IDENTITY[sdk=macosx*]" = "Apple Development";
				CODE_SIGN_STYLE = Automatic;
				CURRENT_PROJECT_VERSION = 1;
				DEVELOPMENT_TEAM = "";
				GENERATE_INFOPLIST_FILE = YES;
				MARKETING_VERSION = 1.0;
				PRODUCT_BUNDLE_IDENTIFIER = au.edu.uts.CodeBrewersFocusUITests;
				PRODUCT_NAME = "$(TARGET_NAME)";
				SWIFT_EMIT_LOC_STRINGS = NO;
				SWIFT_VERSION = 5.0;
				TARGETED_DEVICE_FAMILY = "1,2";
				TEST_TARGET_NAME = CodeBrewersFocus;
			};
			name = Release;
		};
/* End XCBuildConfiguration section */

/* Begin XCConfigurationList section */
		7D17AF6B2DEC619D002E915A /* Build configuration list for PBXProject "CodeBrewersFocus" */ = {
			isa = XCConfigurationList;
			buildConfigurations = (
				7D17AF8F2DEC619D002E915A /* Debug */,
				7D17AF902DEC619D002E915A /* Release */,
			);
			defaultConfigurationIsVisible = 0;
			defaultConfigurationName = Release;
		};
		7D17AF912DEC619D002E915A /* Build configuration list for PBXNativeTarget "CodeBrewersFocus" */ = {
			isa = XCConfigurationList;
			buildConfigurations = (
				7D17AF922DEC619D002E915A /* Debug */,
				7D17AF932DEC619D002E915A /* Release */,
			);
			defaultConfigurationIsVisible = 0;
			defaultConfigurationName = Release;
		};
		7D17AF942DEC619D002E915A /* Build configuration list for PBXNativeTarget "CodeBrewersFocusTests" */ = {
			isa = XCConfigurationList;
			buildConfigurations = (
				7D17AF952DEC619D002E915A /* Debug */,
				7D17AF962DEC619D002E915A /* Release */,
			);
			defaultConfigurationIsVisible = 0;
			defaultConfigurationName = Release;
		};
		7D17AF972DEC619D002E915A /* Build configuration list for PBXNativeTarget "CodeBrewersFocusUITests" */ = {
			isa = XCConfigurationList;
			buildConfigurations = (
				7D17AF982DEC619D002E915A /* Debug */,
				7D17AF992DEC619D002E915A /* Release */,
			);
			defaultConfigurationIsVisible = 0;
			defaultConfigurationName = Release;
		};
/* End XCConfigurationList section */
	};
	rootObject = 7D17AF682DEC619D002E915A /* Project object */;
}
